
Microsoft Visual Studio Solution File, Format Version 11.00
# Visual Studio 2010
Project("{FAE04EC0-301F-11D3-BF4B-00C04F79EFBC}") = "TypeControls", "TypeControls.csproj", "{38B71900-8988-4FF0-BAE2-AE20B0DF35B9}"
EndProject
Global
	GlobalSection(SolutionConfigurationPlatforms) = preSolution
		Debug|Any CPU = Debug|Any CPU
		Release|Any CPU = Release|Any CPU
	EndGlobalSection
	GlobalSection(ProjectConfigurationPlatforms) = postSolution
		{38B71900-8988-4FF0-BAE2-AE20B0DF35B9}.Debug|Any CPU.ActiveCfg = Debug|Any CPU
		{38B71900-8988-4FF0-BAE2-AE20B0DF35B9}.Debug|Any CPU.Build.0 = Debug|Any CPU
		{38B71900-8988-4FF0-BAE2-AE20B0DF35B9}.Release|Any CPU.ActiveCfg = Release|Any CPU
		{38B71900-8988-4FF0-BAE2-AE20B0DF35B9}.Release|Any CPU.Build.0 = Release|Any CPU
	EndGlobalSection
	GlobalSection(SolutionProperties) = preSolution
		HideSolutionNode = FALSE
	EndGlobalSection
EndGlobal
